// !$*UTF8*$!
{
	archiveVersion = 1;
	classes = {
	};
	objectVersion = 77;
	objects = {

/* Begin PBXContainerItemProxy section */
		FDAD0DEF2D74900C008ADF7D /* PBXContainerItemProxy */ = {
			isa = PBXContainerItemProxy;
			containerPortal = FDAD0DD62D74900A008ADF7D /* Project object */;
			proxyType = 1;
			remoteGlobalIDString = FDAD0DDD2D74900A008ADF7D;
			remoteInfo = "citizenship-quiz";
		};
		FDAD0DF92D74900C008ADF7D /* PBXContainerItemProxy */ = {
			isa = PBXContainerItemProxy;
			containerPortal = FDAD0DD62D74900A008ADF7D /* Project object */;
			proxyType = 1;
			remoteGlobalIDString = FDAD0DDD2D74900A008ADF7D;
			remoteInfo = "citizenship-quiz";
		};
/* End PBXContainerItemProxy section */

/* Begin PBXFileReference section */
		FDAD0DDE2D74900A008ADF7D /* citizenship-quiz.app */ = {isa = PBXFileReference; explicitFileType = wrapper.application; includeInIndex = 0; path = "citizenship-quiz.app"; sourceTree = BUILT_PRODUCTS_DIR; };
		FDAD0DEE2D74900C008ADF7D /* citizenship-quizTests.xctest */ = {isa = PBXFileReference; explicitFileType = wrapper.cfbundle; includeInIndex = 0; path = "citizenship-quizTests.xctest"; sourceTree = BUILT_PRODUCTS_DIR; };
		FDAD0DF82D74900C008ADF7D /* citizenship-quizUITests.xctest */ = {isa = PBXFileReference; explicitFileType = wrapper.cfbundle; includeInIndex = 0; path = "citizenship-quizUITests.xctest"; sourceTree = BUILT_PRODUCTS_DIR; };
/* End PBXFileReference section */

/* Begin PBXFileSystemSynchronizedBuildFileExceptionSet section */
		FD599FA22D94A5A000587888 /* Exceptions for "citizenship-quiz" folder in "citizenship-quiz" target */ = {
			isa = PBXFileSystemSynchronizedBuildFileExceptionSet;
			membershipExceptions = (
				Info.plist,
			);
			target = FDAD0DDD2D74900A008ADF7D /* citizenship-quiz */;
		};
/* End PBXFileSystemSynchronizedBuildFileExceptionSet section */

/* Begin PBXFileSystemSynchronizedRootGroup section */
		FDAD0DE02D74900A008ADF7D /* citizenship-quiz */ = {
			isa = PBXFileSystemSynchronizedRootGroup;
			exceptions = (
				FD599FA22D94A5A000587888 /* Exceptions for "citizenship-quiz" folder in "citizenship-quiz" target */,
			);
			path = "citizenship-quiz";
			sourceTree = "<group>";
		};
		FDAD0DF12D74900C008ADF7D /* citizenship-quizTests */ = {
			isa = PBXFileSystemSynchronizedRootGroup;
			path = "citizenship-quizTests";
			sourceTree = "<group>";
		};
		FDAD0DFB2D74900C008ADF7D /* citizenship-quizUITests */ = {
			isa = PBXFileSystemSynchronizedRootGroup;
			path = "citizenship-quizUITests";
			sourceTree = "<group>";
		};
/* End PBXFileSystemSynchronizedRootGroup section */

/* Begin PBXFrameworksBuildPhase section */
		FDAD0DDB2D74900A008ADF7D /* Frameworks */ = {
			isa = PBXFrameworksBuildPhase;
			buildActionMask = 2147483647;
			files = (
			);
			runOnlyForDeploymentPostprocessing = 0;
		};
		FDAD0DEB2D74900C008ADF7D /* Frameworks */ = {
			isa = PBXFrameworksBuildPhase;
			buildActionMask = 2147483647;
			files = (
			);
			runOnlyForDeploymentPostprocessing = 0;
		};
		FDAD0DF52D74900C008ADF7D /* Frameworks */ = {
			isa = PBXFrameworksBuildPhase;
			buildActionMask = 2147483647;
			files = (
			);
			runOnlyForDeploymentPostprocessing = 0;
		};
/* End PBXFrameworksBuildPhase section */

/* Begin PBXGroup section */
		FDAD0DD52D74900A008ADF7D = {
			isa = PBXGroup;
			children = (
				FDAD0DE02D74900A008ADF7D /* citizenship-quiz */,
				FDAD0DF12D74900C008ADF7D /* citizenship-quizTests */,
				FDAD0DFB2D74900C008ADF7D /* citizenship-quizUITests */,
				FDAD0DDF2D74900A008ADF7D /* Products */,
			);
			sourceTree = "<group>";
		};
		FDAD0DDF2D74900A008ADF7D /* Products */ = {
			isa = PBXGroup;
			children = (
				FDAD0DDE2D74900A008ADF7D /* citizenship-quiz.app */,
				FDAD0DEE2D74900C008ADF7D /* citizenship-quizTests.xctest */,
				FDAD0DF82D74900C008ADF7D /* citizenship-quizUITests.xctest */,
			);
			name = Products;
			sourceTree = "<group>";
		};
/* End PBXGroup section */

/* Begin PBXNativeTarget section */
		FDAD0DDD2D74900A008ADF7D /* citizenship-quiz */ = {
			isa = PBXNativeTarget;
			buildConfigurationList = FDAD0E022D74900C008ADF7D /* Build configuration list for PBXNativeTarget "citizenship-quiz" */;
			buildPhases = (
				FDAD0DDA2D74900A008ADF7D /* Sources */,
				FDAD0DDB2D74900A008ADF7D /* Frameworks */,
				FDAD0DDC2D74900A008ADF7D /* Resources */,
			);
			buildRules = (
			);
			dependencies = (
			);
			fileSystemSynchronizedGroups = (
				FDAD0DE02D74900A008ADF7D /* citizenship-quiz */,
			);
			name = "citizenship-quiz";
			packageProductDependencies = (
			);
			productName = "citizenship-quiz";
			productReference = FDAD0DDE2D74900A008ADF7D /* citizenship-quiz.app */;
			productType = "com.apple.product-type.application";
		};
		FDAD0DED2D74900C008ADF7D /* citizenship-quizTests */ = {
			isa = PBXNativeTarget;
			buildConfigurationList = FDAD0E052D74900C008ADF7D /* Build configuration list for PBXNativeTarget "citizenship-quizTests" */;
			buildPhases = (
				FDAD0DEA2D74900C008ADF7D /* Sources */,
				FDAD0DEB2D74900C008ADF7D /* Frameworks */,
				FDAD0DEC2D74900C008ADF7D /* Resources */,
			);
			buildRules = (
			);
			dependencies = (
				FDAD0DF02D74900C008ADF7D /* PBXTargetDependency */,
			);
			fileSystemSynchronizedGroups = (
				FDAD0DF12D74900C008ADF7D /* citizenship-quizTests */,
			);
			name = "citizenship-quizTests";
			packageProductDependencies = (
			);
			productName = "citizenship-quizTests";
			productReference = FDAD0DEE2D74900C008ADF7D /* citizenship-quizTests.xctest */;
			productType = "com.apple.product-type.bundle.unit-test";
		};
		FDAD0DF72D74900C008ADF7D /* citizenship-quizUITests */ = {
			isa = PBXNativeTarget;
			buildConfigurationList = FDAD0E082D74900C008ADF7D /* Build configuration list for PBXNativeTarget "citizenship-quizUITests" */;
			buildPhases = (
				FDAD0DF42D74900C008ADF7D /* Sources */,
				FDAD0DF52D74900C008ADF7D /* Frameworks */,
				FDAD0DF62D74900C008ADF7D /* Resources */,
			);
			buildRules = (
			);
			dependencies = (
				FDAD0DFA2D74900C008ADF7D /* PBXTargetDependency */,
			);
			fileSystemSynchronizedGroups = (
				FDAD0DFB2D74900C008ADF7D /* citizenship-quizUITests */,
			);
			name = "citizenship-quizUITests";
			packageProductDependencies = (
			);
			productName = "citizenship-quizUITests";
			productReference = FDAD0DF82D74900C008ADF7D /* citizenship-quizUITests.xctest */;
			productType = "com.apple.product-type.bundle.ui-testing";
		};
/* End PBXNativeTarget section */

/* Begin PBXProject section */
		FDAD0DD62D74900A008ADF7D /* Project object */ = {
			isa = PBXProject;
			attributes = {
				BuildIndependentTargetsInParallel = 1;
				LastSwiftUpdateCheck = 1620;
				LastUpgradeCheck = 1620;
				TargetAttributes = {
					FDAD0DDD2D74900A008ADF7D = {
						CreatedOnToolsVersion = 16.2;
					};
					FDAD0DED2D74900C008ADF7D = {
						CreatedOnToolsVersion = 16.2;
						TestTargetID = FDAD0DDD2D74900A008ADF7D;
					};
					FDAD0DF72D74900C008ADF7D = {
						CreatedOnToolsVersion = 16.2;
						TestTargetID = FDAD0DDD2D74900A008ADF7D;
					};
				};
			};
			buildConfigurationList = FDAD0DD92D74900A008ADF7D /* Build configuration list for PBXProject "citizenship-quiz" */;
			developmentRegion = en;
			hasScannedForEncodings = 0;
			knownRegions = (
				en,
				Base,
			);
			mainGroup = FDAD0DD52D74900A008ADF7D;
			minimizedProjectReferenceProxies = 1;
			preferredProjectObjectVersion = 77;
			productRefGroup = FDAD0DDF2D74900A008ADF7D /* Products */;
			projectDirPath = "";
			projectRoot = "";
			targets = (
				FDAD0DDD2D74900A008ADF7D /* citizenship-quiz */,
				FDAD0DED2D74900C008ADF7D /* citizenship-quizTests */,
				FDAD0DF72D74900C008ADF7D /* citizenship-quizUITests */,
			);
		};
/* End PBXProject section */

/* Begin PBXResourcesBuildPhase section */
		FDAD0DDC2D74900A008ADF7D /* Resources */ = {
			isa = PBXResourcesBuildPhase;
			buildActionMask = 2147483647;
			files = (
			);
			runOnlyForDeploymentPostprocessing = 0;
		};
		FDAD0DEC2D74900C008ADF7D /* Resources */ = {
			isa = PBXResourcesBuildPhase;
			buildActionMask = 2147483647;
			files = (
			);
			runOnlyForDeploymentPostprocessing = 0;
		};
		FDAD0DF62D74900C008ADF7D /* Resources */ = {
			isa = PBXResourcesBuildPhase;
			buildActionMask = 2147483647;
			files = (
			);
			runOnlyForDeploymentPostprocessing = 0;
		};
/* End PBXResourcesBuildPhase section */

/* Begin PBXSourcesBuildPhase section */
		FDAD0DDA2D74900A008ADF7D /* Sources */ = {
			isa = PBXSourcesBuildPhase;
			buildActionMask = 2147483647;
			files = (
			);
			runOnlyForDeploymentPostprocessing = 0;
		};
		FDAD0DEA2D74900C008ADF7D /* Sources */ = {
			isa = PBXSourcesBuildPhase;
			buildActionMask = 2147483647;
			files = (
			);
			runOnlyForDeploymentPostprocessing = 0;
		};
		FDAD0DF42D74900C008ADF7D /* Sources */ = {
			isa = PBXSourcesBuildPhase;
			buildActionMask = 2147483647;
			files = (
			);
			runOnlyForDeploymentPostprocessing = 0;
		};
/* End PBXSourcesBuildPhase section */

/* Begin PBXTargetDependency section */
		FDAD0DF02D74900C008ADF7D /* PBXTargetDependency */ = {
			isa = PBXTargetDependency;
			target = FDAD0DDD2D74900A008ADF7D /* citizenship-quiz */;
			targetProxy = FDAD0DEF2D74900C008ADF7D /* PBXContainerItemProxy */;
		};
		FDAD0DFA2D74900C008ADF7D /* PBXTargetDependency */ = {
			isa = PBXTargetDependency;
			target = FDAD0DDD2D74900A008ADF7D /* citizenship-quiz */;
			targetProxy = FDAD0DF92D74900C008ADF7D /* PBXContainerItemProxy */;
		};
/* End PBXTargetDependency section */

/* Begin XCBuildConfiguration section */
		FDAD0E002D74900C008ADF7D /* Debug */ = {
			isa = XCBuildConfiguration;
			buildSettings = {
				ALWAYS_SEARCH_USER_PATHS = NO;
				ASSETCATALOG_COMPILER_GENERATE_SWIFT_ASSET_SYMBOL_EXTENSIONS = YES;
				CLANG_ANALYZER_NONNULL = YES;
				CLANG_ANALYZER_NUMBER_OBJECT_CONVERSION = YES_AGGRESSIVE;
				CLANG_CXX_LANGUAGE_STANDARD = "gnu++20";
				CLANG_ENABLE_MODULES = YES;
				CLANG_ENABLE_OBJC_ARC = YES;
				CLANG_ENABLE_OBJC_WEAK = YES;
				CLANG_WARN_BLOCK_CAPTURE_AUTORELEASING = YES;
				CLANG_WARN_BOOL_CONVERSION = YES;
				CLANG_WARN_COMMA = YES;
				CLANG_WARN_CONSTANT_CONVERSION = YES;
				CLANG_WARN_DEPRECATED_OBJC_IMPLEMENTATIONS = YES;
				CLANG_WARN_DIRECT_OBJC_ISA_USAGE = YES_ERROR;
				CLANG_WARN_DOCUMENTATION_COMMENTS = YES;
				CLANG_WARN_EMPTY_BODY = YES;
				CLANG_WARN_ENUM_CONVERSION = YES;
				CLANG_WARN_INFINITE_RECURSION = YES;
				CLANG_WARN_INT_CONVERSION = YES;
				CLANG_WARN_NON_LITERAL_NULL_CONVERSION = YES;
				CLANG_WARN_OBJC_IMPLICIT_RETAIN_SELF = YES;
				CLANG_WARN_OBJC_LITERAL_CONVERSION = YES;
				CLANG_WARN_OBJC_ROOT_CLASS = YES_ERROR;
				CLANG_WARN_QUOTED_INCLUDE_IN_FRAMEWORK_HEADER = YES;
				CLANG_WARN_RANGE_LOOP_ANALYSIS = YES;
				CLANG_WARN_STRICT_PROTOTYPES = YES;
				CLANG_WARN_SUSPICIOUS_MOVE = YES;
				CLANG_WARN_UNGUARDED_AVAILABILITY = YES_AGGRESSIVE;
				CLANG_WARN_UNREACHABLE_CODE = YES;
				CLANG_WARN__DUPLICATE_METHOD_MATCH = YES;
				COPY_PHASE_STRIP = NO;
				DEBUG_INFORMATION_FORMAT = dwarf;
				ENABLE_STRICT_OBJC_MSGSEND = YES;
				ENABLE_TESTABILITY = YES;
				ENABLE_USER_SCRIPT_SANDBOXING = YES;
				GCC_C_LANGUAGE_STANDARD = gnu17;
				GCC_DYNAMIC_NO_PIC = NO;
				GCC_NO_COMMON_BLOCKS = YES;
				GCC_OPTIMIZATION_LEVEL = 0;
				GCC_PREPROCESSOR_DEFINITIONS = (
					"DEBUG=1",
					"$(inherited)",
				);
				GCC_WARN_64_TO_32_BIT_CONVERSION = YES;
				GCC_WARN_ABOUT_RETURN_TYPE = YES_ERROR;
				GCC_WARN_UNDECLARED_SELECTOR = YES;
				GCC_WARN_UNINITIALIZED_AUTOS = YES_AGGRESSIVE;
				GCC_WARN_UNUSED_FUNCTION = YES;
				GCC_WARN_UNUSED_VARIABLE = YES;
				"INFOPLIST_FILE[sdk=iphone*]" = "";
				INFOPLIST_KEY_UILaunchScreen_Generation = YES;
				"INFOPLIST_KEY_UILaunchStoryboardName[sdk=iphoneos*]" = LaunchScreen;
				IPHONEOS_DEPLOYMENT_TARGET = 18.2;
				LOCALIZATION_PREFERS_STRING_CATALOGS = YES;
				MTL_ENABLE_DEBUG_INFO = INCLUDE_SOURCE;
				MTL_FAST_MATH = YES;
				ONLY_ACTIVE_ARCH = YES;
				SDKROOT = iphoneos;
				SWIFT_ACTIVE_COMPILATION_CONDITIONS = "DEBUG $(inherited)";
				SWIFT_OPTIMIZATION_LEVEL = "-Onone";
			};
			name = Debug;
		};
		FDAD0E012D74900C008ADF7D /* Release */ = {
			isa = XCBuildConfiguration;
			buildSettings = {
				ALWAYS_SEARCH_USER_PATHS = NO;
				ASSETCATALOG_COMPILER_GENERATE_SWIFT_ASSET_SYMBOL_EXTENSIONS = YES;
				CLANG_ANALYZER_NONNULL = YES;
				CLANG_ANALYZER_NUMBER_OBJECT_CONVERSION = YES_AGGRESSIVE;
				CLANG_CXX_LANGUAGE_STANDARD = "gnu++20";
				CLANG_ENABLE_MODULES = YES;
				CLANG_ENABLE_OBJC_ARC = YES;
				CLANG_ENABLE_OBJC_WEAK = YES;
				CLANG_WARN_BLOCK_CAPTURE_AUTORELEASING = YES;
				CLANG_WARN_BOOL_CONVERSION = YES;
				CLANG_WARN_COMMA = YES;
				CLANG_WARN_CONSTANT_CONVERSION = YES;
				CLANG_WARN_DEPRECATED_OBJC_IMPLEMENTATIONS = YES;
				CLANG_WARN_DIRECT_OBJC_ISA_USAGE = YES_ERROR;
				CLANG_WARN_DOCUMENTATION_COMMENTS = YES;
				CLANG_WARN_EMPTY_BODY = YES;
				CLANG_WARN_ENUM_CONVERSION = YES;
				CLANG_WARN_INFINITE_RECURSION = YES;
				CLANG_WARN_INT_CONVERSION = YES;
				CLANG_WARN_NON_LITERAL_NULL_CONVERSION = YES;
				CLANG_WARN_OBJC_IMPLICIT_RETAIN_SELF = YES;
				CLANG_WARN_OBJC_LITERAL_CONVERSION = YES;
				CLANG_WARN_OBJC_ROOT_CLASS = YES_ERROR;
				CLANG_WARN_QUOTED_INCLUDE_IN_FRAMEWORK_HEADER = YES;
				CLANG_WARN_RANGE_LOOP_ANALYSIS = YES;
				CLANG_WARN_STRICT_PROTOTYPES = YES;
				CLANG_WARN_SUSPICIOUS_MOVE = YES;
				CLANG_WARN_UNGUARDED_AVAILABILITY = YES_AGGRESSIVE;
				CLANG_WARN_UNREACHABLE_CODE = YES;
				CLANG_WARN__DUPLICATE_METHOD_MATCH = YES;
				COPY_PHASE_STRIP = NO;
				DEBUG_INFORMATION_FORMAT = "dwarf-with-dsym";
				ENABLE_NS_ASSERTIONS = NO;
				ENABLE_STRICT_OBJC_MSGSEND = YES;
				ENABLE_USER_SCRIPT_SANDBOXING = YES;
				GCC_C_LANGUAGE_STANDARD = gnu17;
				GCC_NO_COMMON_BLOCKS = YES;
				GCC_WARN_64_TO_32_BIT_CONVERSION = YES;
				GCC_WARN_ABOUT_RETURN_TYPE = YES_ERROR;
				GCC_WARN_UNDECLARED_SELECTOR = YES;
				GCC_WARN_UNINITIALIZED_AUTOS = YES_AGGRESSIVE;
				GCC_WARN_UNUSED_FUNCTION = YES;
				GCC_WARN_UNUSED_VARIABLE = YES;
				"INFOPLIST_FILE[sdk=*]" = "";
				INFOPLIST_KEY_UILaunchScreen_Generation = YES;
				"INFOPLIST_KEY_UILaunchStoryboardName[sdk=iphoneos*]" = LaunchScreen;
				IPHONEOS_DEPLOYMENT_TARGET = 18.2;
				LOCALIZATION_PREFERS_STRING_CATALOGS = YES;
				MTL_ENABLE_DEBUG_INFO = NO;
				MTL_FAST_MATH = YES;
				SDKROOT = iphoneos;
				SWIFT_COMPILATION_MODE = wholemodule;
				VALIDATE_PRODUCT = YES;
			};
			name = Release;
		};
		FDAD0E032D74900C008ADF7D /* Debug */ = {
			isa = XCBuildConfiguration;
			buildSettings = {
				ASSETCATALOG_COMPILER_APPICON_NAME = AppIcon;
				ASSETCATALOG_COMPILER_GLOBAL_ACCENT_COLOR_NAME = AccentColor;
				ASSETCATALOG_COMPILER_INCLUDE_ALL_APPICON_ASSETS = YES;
				CODE_SIGN_STYLE = Automatic;
				CURRENT_PROJECT_VERSION = 18;
				DEVELOPMENT_ASSET_PATHS = "\"citizenship-quiz/Preview Content\"";
				DEVELOPMENT_TEAM = 5TE942STS9;
				ENABLE_PREVIEWS = YES;
				GENERATE_INFOPLIST_FILE = YES;
				INFOPLIST_FILE = "citizenship-quiz/Info.plist";
				INFOPLIST_KEY_CFBundleDisplayName = "citizenship-app";
				INFOPLIST_KEY_LSApplicationCategoryType = "public.app-category.education";
				INFOPLIST_KEY_UIApplicationSceneManifest_Generation = YES;
				INFOPLIST_KEY_UIApplicationSupportsIndirectInputEvents = YES;
				INFOPLIST_KEY_UILaunchScreen_Generation = YES;
				INFOPLIST_KEY_UILaunchStoryboardName = LaunchScreen.storyboard;
				INFOPLIST_KEY_UISupportedInterfaceOrientations = UIInterfaceOrientationPortrait;
				INFOPLIST_KEY_UISupportedInterfaceOrientations_iPad = "UIInterfaceOrientationLandscapeLeft UIInterfaceOrientationLandscapeRight UIInterfaceOrientationPortrait UIInterfaceOrientationPortraitUpsideDown";
				LD_RUNPATH_SEARCH_PATHS = (
					"$(inherited)",
					"@executable_path/Frameworks",
				);
				MARKETING_VERSION = 1.1;
				PRODUCT_BUNDLE_IDENTIFIER = "com.willknow.citizenship-quiz.citizenship-quiz";
				PRODUCT_NAME = "$(TARGET_NAME)";
				SUPPORTED_PLATFORMS = "iphoneos iphonesimulator";
				SUPPORTS_MACCATALYST = NO;
				SUPPORTS_MAC_DESIGNED_FOR_IPHONE_IPAD = NO;
				SUPPORTS_XR_DESIGNED_FOR_IPHONE_IPAD = NO;
				SWIFT_EMIT_LOC_STRINGS = YES;
				SWIFT_VERSION = 5.0;
				TARGETED_DEVICE_FAMILY = 1;
			};
			name = Debug;
		};
		FDAD0E042D74900C008ADF7D /* Release */ = {
			isa = XCBuildConfiguration;
			buildSettings = {
				ASSETCATALOG_COMPILER_APPICON_NAME = AppIcon;
				ASSETCATALOG_COMPILER_GLOBAL_ACCENT_COLOR_NAME = AccentColor;
				ASSETCATALOG_COMPILER_INCLUDE_ALL_APPICON_ASSETS = YES;
				CODE_SIGN_STYLE = Automatic;
				CURRENT_PROJECT_VERSION = 18;
				DEVELOPMENT_ASSET_PATHS = "\"citizenship-quiz/Preview Content\"";
				DEVELOPMENT_TEAM = 5TE942STS9;
				ENABLE_PREVIEWS = YES;
				GENERATE_INFOPLIST_FILE = YES;
				INFOPLIST_FILE = "citizenship-quiz/Info.plist";
				INFOPLIST_KEY_CFBundleDisplayName = "citizenship-app";
				INFOPLIST_KEY_LSApplicationCategoryType = "public.app-category.education";
				INFOPLIST_KEY_UIApplicationSceneManifest_Generation = YES;
				INFOPLIST_KEY_UIApplicationSupportsIndirectInputEvents = YES;
				INFOPLIST_KEY_UILaunchScreen_Generation = YES;
				INFOPLIST_KEY_UILaunchStoryboardName = LaunchScreen.storyboard;
				INFOPLIST_KEY_UISupportedInterfaceOrientations = UIInterfaceOrientationPortrait;
				INFOPLIST_KEY_UISupportedInterfaceOrientations_iPad = "UIInterfaceOrientationLandscapeLeft UIInterfaceOrientationLandscapeRight UIInterfaceOrientationPortrait UIInterfaceOrientationPortraitUpsideDown";
				LD_RUNPATH_SEARCH_PATHS = (
					"$(inherited)",
					"@executable_path/Frameworks",
				);
				MARKETING_VERSION = 1.1;
				PRODUCT_BUNDLE_IDENTIFIER = "com.willknow.citizenship-quiz.citizenship-quiz";
				PRODUCT_NAME = "$(TARGET_NAME)";
				SUPPORTED_PLATFORMS = "iphoneos iphonesimulator";
				SUPPORTS_MACCATALYST = NO;
				SUPPORTS_MAC_DESIGNED_FOR_IPHONE_IPAD = NO;
				SUPPORTS_XR_DESIGNED_FOR_IPHONE_IPAD = NO;
				SWIFT_EMIT_LOC_STRINGS = YES;
				SWIFT_VERSION = 5.0;
				TARGETED_DEVICE_FAMILY = 1;
			};
			name = Release;
		};
		FDAD0E062D74900C008ADF7D /* Debug */ = {
			isa = XCBuildConfiguration;
			buildSettings = {
				BUNDLE_LOADER = "$(TEST_HOST)";
				CODE_SIGN_STYLE = Automatic;
				CURRENT_PROJECT_VERSION = 1;
				DEVELOPMENT_TEAM = 5TE942STS9;
				GENERATE_INFOPLIST_FILE = YES;
				IPHONEOS_DEPLOYMENT_TARGET = 18.2;
				MARKETING_VERSION = 1.0;
				PRODUCT_BUNDLE_IDENTIFIER = "com.willknow.citizenship-quiz.citizenship-quizTests";
				PRODUCT_NAME = "$(TARGET_NAME)";
				SWIFT_EMIT_LOC_STRINGS = NO;
				SWIFT_VERSION = 5.0;
				TARGETED_DEVICE_FAMILY = "1,2";
				TEST_HOST = "$(BUILT_PRODUCTS_DIR)/citizenship-quiz.app/$(BUNDLE_EXECUTABLE_FOLDER_PATH)/citizenship-quiz";
			};
			name = Debug;
		};
		FDAD0E072D74900C008ADF7D /* Release */ = {
			isa = XCBuildConfiguration;
			buildSettings = {
				BUNDLE_LOADER = "$(TEST_HOST)";
				CODE_SIGN_STYLE = Automatic;
				CURRENT_PROJECT_VERSION = 1;
				DEVELOPMENT_TEAM = 5TE942STS9;
				GENERATE_INFOPLIST_FILE = YES;
				IPHONEOS_DEPLOYMENT_TARGET = 18.2;
				MARKETING_VERSION = 1.0;
				PRODUCT_BUNDLE_IDENTIFIER = "com.willknow.citizenship-quiz.citizenship-quizTests";
				PRODUCT_NAME = "$(TARGET_NAME)";
				SWIFT_EMIT_LOC_STRINGS = NO;
				SWIFT_VERSION = 5.0;
				TARGETED_DEVICE_FAMILY = "1,2";
				TEST_HOST = "$(BUILT_PRODUCTS_DIR)/citizenship-quiz.app/$(BUNDLE_EXECUTABLE_FOLDER_PATH)/citizenship-quiz";
			};
			name = Release;
		};
		FDAD0E092D74900C008ADF7D /* Debug */ = {
			isa = XCBuildConfiguration;
			buildSettings = {
				CODE_SIGN_STYLE = Automatic;
				CURRENT_PROJECT_VERSION = 1;
				DEVELOPMENT_TEAM = 5TE942STS9;
				GENERATE_INFOPLIST_FILE = YES;
				MARKETING_VERSION = 1.0;
				PRODUCT_BUNDLE_IDENTIFIER = "com.willknow.citizenship-quiz.citizenship-quizUITests";
				PRODUCT_NAME = "$(TARGET_NAME)";
				SWIFT_EMIT_LOC_STRINGS = NO;
				SWIFT_VERSION = 5.0;
				TARGETED_DEVICE_FAMILY = "1,2";
				TEST_TARGET_NAME = "citizenship-quiz";
			};
			name = Debug;
		};
		FDAD0E0A2D74900C008ADF7D /* Release */ = {
			isa = XCBuildConfiguration;
			buildSettings = {
				CODE_SIGN_STYLE = Automatic;
				CURRENT_PROJECT_VERSION = 1;
				DEVELOPMENT_TEAM = 5TE942STS9;
				GENERATE_INFOPLIST_FILE = YES;
				MARKETING_VERSION = 1.0;
				PRODUCT_BUNDLE_IDENTIFIER = "com.willknow.citizenship-quiz.citizenship-quizUITests";
				PRODUCT_NAME = "$(TARGET_NAME)";
				SWIFT_EMIT_LOC_STRINGS = NO;
				SWIFT_VERSION = 5.0;
				TARGETED_DEVICE_FAMILY = "1,2";
				TEST_TARGET_NAME = "citizenship-quiz";
			};
			name = Release;
		};
/* End XCBuildConfiguration section */

/* Begin XCConfigurationList section */
		FDAD0DD92D74900A008ADF7D /* Build configuration list for PBXProject "citizenship-quiz" */ = {
			isa = XCConfigurationList;
			buildConfigurations = (
				FDAD0E002D74900C008ADF7D /* Debug */,
				FDAD0E012D74900C008ADF7D /* Release */,
			);
			defaultConfigurationIsVisible = 0;
			defaultConfigurationName = Release;
		};
		FDAD0E022D74900C008ADF7D /* Build configuration list for PBXNativeTarget "citizenship-quiz" */ = {
			isa = XCConfigurationList;
			buildConfigurations = (
				FDAD0E032D74900C008ADF7D /* Debug */,
				FDAD0E042D74900C008ADF7D /* Release */,
			);
			defaultConfigurationIsVisible = 0;
			defaultConfigurationName = Release;
		};
		FDAD0E052D74900C008ADF7D /* Build configuration list for PBXNativeTarget "citizenship-quizTests" */ = {
			isa = XCConfigurationList;
			buildConfigurations = (
				FDAD0E062D74900C008ADF7D /* Debug */,
				FDAD0E072D74900C008ADF7D /* Release */,
			);
			defaultConfigurationIsVisible = 0;
			defaultConfigurationName = Release;
		};
		FDAD0E082D74900C008ADF7D /* Build configuration list for PBXNativeTarget "citizenship-quizUITests" */ = {
			isa = XCConfigurationList;
			buildConfigurations = (
				FDAD0E092D74900C008ADF7D /* Debug */,
				FDAD0E0A2D74900C008ADF7D /* Release */,
			);
			defaultConfigurationIsVisible = 0;
			defaultConfigurationName = Release;
		};
/* End XCConfigurationList section */
	};
	rootObject = FDAD0DD62D74900A008ADF7D /* Project object */;
}
